
Microsoft Visual Studio Solution File, Format Version 12.00
# Visual Studio Version 17
VisualStudioVersion = 17.5.33414.496
MinimumVisualStudioVersion = 10.0.40219.1
Project("{FAE04EC0-301F-11D3-BF4B-00C04F79EFBC}") = "HelloWorld", "HelloWorld.csproj", "{7CEFF313-8935-4120-BAB2-3D30E2CA8B37}"
EndProject
Global
	GlobalSection(SolutionConfigurationPlatforms) = preSolution
		Debug|Any CPU = Debug|Any CPU
		Release|Any CPU = Release|Any CPU
	EndGlobalSection
	GlobalSection(ProjectConfigurationPlatforms) = postSolution
		{7CEFF313-8935-4120-BAB2-3D30E2CA8B37}.Debug|Any CPU.ActiveCfg = Debug|Any CPU
		{7CEFF313-8935-4120-BAB2-3D30E2CA8B37}.Debug|Any CPU.Build.0 = Debug|Any CPU
		{7CEFF313-8935-4120-BAB2-3D30E2CA8B37}.Release|Any CPU.ActiveCfg = Release|Any CPU
		{7CEFF313-8935-4120-BAB2-3D30E2CA8B37}.Release|Any CPU.Build.0 = Release|Any CPU
	EndGlobalSection
	GlobalSection(SolutionProperties) = preSolution
		HideSolutionNode = FALSE
	EndGlobalSection
	GlobalSection(ExtensibilityGlobals) = postSolution
		SolutionGuid = {21C8CABC-F8CF-4472-98AD-3FB8477F7DD0}
	EndGlobalSection
EndGlobal
